
Microsoft Visual Studio Solution File, Format Version 12.00
# Visual Studio Version 17
VisualStudioVersion = 17.3.32929.385
MinimumVisualStudioVersion = 10.0.40219.1
Project("{FAE04EC0-301F-11D3-BF4B-00C04F79EFBC}") = "KelimeBulmaca", "KelimeBulmaca\KelimeBulmaca.csproj", "{D3111004-2E7C-4E37-9918-A05EFF90003C}"
EndProject
Global
	GlobalSection(SolutionConfigurationPlatforms) = preSolution
		Debug|Any CPU = Debug|Any CPU
		Release|Any CPU = Release|Any CPU
	EndGlobalSection
	GlobalSection(ProjectConfigurationPlatforms) = postSolution
		{D3111004-2E7C-4E37-9918-A05EFF90003C}.Debug|Any CPU.ActiveCfg = Debug|Any CPU
		{D3111004-2E7C-4E37-9918-A05EFF90003C}.Debug|Any CPU.Build.0 = Debug|Any CPU
		{D3111004-2E7C-4E37-9918-A05EFF90003C}.Release|Any CPU.ActiveCfg = Release|Any CPU
		{D3111004-2E7C-4E37-9918-A05EFF90003C}.Release|Any CPU.Build.0 = Release|Any CPU
	EndGlobalSection
	GlobalSection(SolutionProperties) = preSolution
		HideSolutionNode = FALSE
	EndGlobalSection
	GlobalSection(ExtensibilityGlobals) = postSolution
		SolutionGuid = {245CD8C5-A0C9-4DC3-9706-808D910E5226}
	EndGlobalSection
EndGlobal
